
Microsoft Visual Studio Solution File, Format Version 12.00
# Visual Studio Version 17
VisualStudioVersion = 17.4.33110.190
MinimumVisualStudioVersion = 10.0.40219.1
Project("{8BC9CEB8-8B4A-11D0-8D11-00A0C91BC942}") = "windows-ime-lib", "src\windows-ime-lib\windows-ime-lib.vcxproj", "{91C729C5-721D-4C60-92D1-B5DC43DFDBAA}"
EndProject
Project("{8BC9CEB8-8B4A-11D0-8D11-00A0C91BC942}") = "SampleIME", "src\SampleIME\SampleIME.vcxproj", "{CB0A0C28-F4D3-45A2-A941-4F68777BA030}"
EndProject
Project("{8BC9CEB8-8B4A-11D0-8D11-00A0C91BC942}") = "RibbonIME", "src\RibbonIME\RibbonIME.vcxproj", "{5E951B06-C82F-4599-BE4C-882900A5D68F}"
EndProject
Project("{8BC9CEB8-8B4A-11D0-8D11-00A0C91BC942}") = "CoreLogic", "src\CoreLogic\CoreLogic.vcxproj", "{B1CFCA20-8D2E-42FA-9F5C-8F574BF78B68}"
EndProject
Project("{8BC9CEB8-8B4A-11D0-8D11-00A0C91BC942}") = "SentencePiece", "src\SentencePiece\SentencePiece.vcxproj", "{F0B4C28D-1788-41CE-A4FD-D1518AA32DB0}"
EndProject
Global
	GlobalSection(SolutionConfigurationPlatforms) = preSolution
		Debug|x64 = Debug|x64
		Debug|x86 = Debug|x86
		Release|x64 = Release|x64
		Release|x86 = Release|x86
	EndGlobalSection
	GlobalSection(ProjectConfigurationPlatforms) = postSolution
		{91C729C5-721D-4C60-92D1-B5DC43DFDBAA}.Debug|x64.ActiveCfg = Debug|x64
		{91C729C5-721D-4C60-92D1-B5DC43DFDBAA}.Debug|x64.Build.0 = Debug|x64
		{91C729C5-721D-4C60-92D1-B5DC43DFDBAA}.Debug|x86.ActiveCfg = Debug|Win32
		{91C729C5-721D-4C60-92D1-B5DC43DFDBAA}.Debug|x86.Build.0 = Debug|Win32
		{91C729C5-721D-4C60-92D1-B5DC43DFDBAA}.Release|x64.ActiveCfg = Release|x64
		{91C729C5-721D-4C60-92D1-B5DC43DFDBAA}.Release|x64.Build.0 = Release|x64
		{91C729C5-721D-4C60-92D1-B5DC43DFDBAA}.Release|x86.ActiveCfg = Release|Win32
		{91C729C5-721D-4C60-92D1-B5DC43DFDBAA}.Release|x86.Build.0 = Release|Win32
		{CB0A0C28-F4D3-45A2-A941-4F68777BA030}.Debug|x64.ActiveCfg = Debug|x64
		{CB0A0C28-F4D3-45A2-A941-4F68777BA030}.Debug|x64.Build.0 = Debug|x64
		{CB0A0C28-F4D3-45A2-A941-4F68777BA030}.Debug|x86.ActiveCfg = Debug|Win32
		{CB0A0C28-F4D3-45A2-A941-4F68777BA030}.Debug|x86.Build.0 = Debug|Win32
		{CB0A0C28-F4D3-45A2-A941-4F68777BA030}.Release|x64.ActiveCfg = Release|x64
		{CB0A0C28-F4D3-45A2-A941-4F68777BA030}.Release|x64.Build.0 = Release|x64
		{CB0A0C28-F4D3-45A2-A941-4F68777BA030}.Release|x86.ActiveCfg = Release|Win32
		{CB0A0C28-F4D3-45A2-A941-4F68777BA030}.Release|x86.Build.0 = Release|Win32
		{5E951B06-C82F-4599-BE4C-882900A5D68F}.Debug|x64.ActiveCfg = Debug|x64
		{5E951B06-C82F-4599-BE4C-882900A5D68F}.Debug|x64.Build.0 = Debug|x64
		{5E951B06-C82F-4599-BE4C-882900A5D68F}.Debug|x86.ActiveCfg = Debug|Win32
		{5E951B06-C82F-4599-BE4C-882900A5D68F}.Debug|x86.Build.0 = Debug|Win32
		{5E951B06-C82F-4599-BE4C-882900A5D68F}.Release|x64.ActiveCfg = Release|x64
		{5E951B06-C82F-4599-BE4C-882900A5D68F}.Release|x64.Build.0 = Release|x64
		{5E951B06-C82F-4599-BE4C-882900A5D68F}.Release|x86.ActiveCfg = Release|Win32
		{5E951B06-C82F-4599-BE4C-882900A5D68F}.Release|x86.Build.0 = Release|Win32
		{B1CFCA20-8D2E-42FA-9F5C-8F574BF78B68}.Debug|x64.ActiveCfg = Debug|x64
		{B1CFCA20-8D2E-42FA-9F5C-8F574BF78B68}.Debug|x64.Build.0 = Debug|x64
		{B1CFCA20-8D2E-42FA-9F5C-8F574BF78B68}.Debug|x86.ActiveCfg = Debug|Win32
		{B1CFCA20-8D2E-42FA-9F5C-8F574BF78B68}.Debug|x86.Build.0 = Debug|Win32
		{B1CFCA20-8D2E-42FA-9F5C-8F574BF78B68}.Release|x64.ActiveCfg = Release|x64
		{B1CFCA20-8D2E-42FA-9F5C-8F574BF78B68}.Release|x64.Build.0 = Release|x64
		{B1CFCA20-8D2E-42FA-9F5C-8F574BF78B68}.Release|x86.ActiveCfg = Release|Win32
		{B1CFCA20-8D2E-42FA-9F5C-8F574BF78B68}.Release|x86.Build.0 = Release|Win32
		{F0B4C28D-1788-41CE-A4FD-D1518AA32DB0}.Debug|x64.ActiveCfg = Debug|x64
		{F0B4C28D-1788-41CE-A4FD-D1518AA32DB0}.Debug|x64.Build.0 = Debug|x64
		{F0B4C28D-1788-41CE-A4FD-D1518AA32DB0}.Debug|x86.ActiveCfg = Debug|Win32
		{F0B4C28D-1788-41CE-A4FD-D1518AA32DB0}.Debug|x86.Build.0 = Debug|Win32
		{F0B4C28D-1788-41CE-A4FD-D1518AA32DB0}.Release|x64.ActiveCfg = Release|x64
		{F0B4C28D-1788-41CE-A4FD-D1518AA32DB0}.Release|x64.Build.0 = Release|x64
		{F0B4C28D-1788-41CE-A4FD-D1518AA32DB0}.Release|x86.ActiveCfg = Release|Win32
		{F0B4C28D-1788-41CE-A4FD-D1518AA32DB0}.Release|x86.Build.0 = Release|Win32
	EndGlobalSection
	GlobalSection(SolutionProperties) = preSolution
		HideSolutionNode = FALSE
	EndGlobalSection
	GlobalSection(ExtensibilityGlobals) = postSolution
		SolutionGuid = {4B2458CD-B4B3-471B-A52E-C16B8E606150}
	EndGlobalSection
EndGlobal
