<?xml version="1.0" encoding="utf-8"?>
<Project ToolsVersion="4.0" xmlns="http://schemas.microsoft.com/developer/msbuild/2003">
  <ItemGroup>
    <Filter Include="Source Files">
      <UniqueIdentifier>{4FC737F1-C7A5-4376-A066-2A32D752A2FF}</UniqueIdentifier>
      <Extensions>cpp;c;cc;cxx;c++;cppm;ixx;def;odl;idl;hpj;bat;asm;asmx</Extensions>
    </Filter>
    <Filter Include="Header Files">
      <UniqueIdentifier>{93995380-89BD-4b04-88EB-625FBE52EBFB}</UniqueIdentifier>
      <Extensions>h;hh;hpp;hxx;h++;hm;inl;inc;ipp;xsd</Extensions>
    </Filter>
    <Filter Include="Resource Files">
      <UniqueIdentifier>{67DA6AB6-F800-4c08-8B7A-83BB121AAD01}</UniqueIdentifier>
      <Extensions>rc;ico;cur;bmp;dlg;rc2;rct;bin;rgs;gif;jpg;jpeg;jpe;resx;tiff;tif;png;wav;mfcribbon-ms</Extensions>
    </Filter>
  </ItemGroup>
  <ItemGroup>
    <ClCompile Include="dllmain.cpp">
      <Filter>Source Files</Filter>
    </ClCompile>
    <ClCompile Include="DictionaryParser.cpp">
      <Filter>Source Files</Filter>
    </ClCompile>
    <ClCompile Include="DictionarySearch.cpp">
      <Filter>Source Files</Filter>
    </ClCompile>
    <ClCompile Include="TableDictionaryEngine.cpp">
      <Filter>Source Files</Filter>
    </ClCompile>
    <ClCompile Include="FileMapping.cpp">
      <Filter>Source Files</Filter>
    </ClCompile>
    <ClCompile Include="File.cpp">
      <Filter>Source Files</Filter>
    </ClCompile>
    <ClCompile Include="CompositionProcessorEngine.cpp">
      <Filter>Source Files</Filter>
    </ClCompile>
    <ClCompile Include="BaseDictionaryEngine.cpp">
      <Filter>Source Files</Filter>
    </ClCompile>
  </ItemGroup>
  <ItemGroup>
    <ClInclude Include="TableDictionaryEngine.h">
      <Filter>Header Files</Filter>
    </ClInclude>
    <ClInclude Include="FileMapping.h">
      <Filter>Header Files</Filter>
    </ClInclude>
    <ClInclude Include="File.h">
      <Filter>Header Files</Filter>
    </ClInclude>
    <ClInclude Include="DictionarySearch.h">
      <Filter>Header Files</Filter>
    </ClInclude>
    <ClInclude Include="DictionaryParser.h">
      <Filter>Header Files</Filter>
    </ClInclude>
    <ClInclude Include="CompositionProcessorEngine.h">
      <Filter>Header Files</Filter>
    </ClInclude>
    <ClInclude Include="BaseDictionaryEngine.h">
      <Filter>Header Files</Filter>
    </ClInclude>
  </ItemGroup>
  <ItemGroup>
    <Image Include="image\DoubleSingleByteOff.ico">
      <Filter>Resource Files</Filter>
    </Image>
    <Image Include="image\DoubleSingleByteOn.ico">
      <Filter>Resource Files</Filter>
    </Image>
    <Image Include="image\ImeModeOff.ico">
      <Filter>Resource Files</Filter>
    </Image>
    <Image Include="image\ImeModeOn.ico">
      <Filter>Resource Files</Filter>
    </Image>
    <Image Include="image\PunctuationOff.ico">
      <Filter>Resource Files</Filter>
    </Image>
    <Image Include="image\PunctuationOn.ico">
      <Filter>Resource Files</Filter>
    </Image>
    <Image Include="image\SampleIme.ico">
      <Filter>Resource Files</Filter>
    </Image>
  </ItemGroup>
  <ItemGroup>
    <ResourceCompile Include="SampleIME.rc">
      <Filter>Source Files</Filter>
    </ResourceCompile>
  </ItemGroup>
</Project>